# This file is autogenerated, do not edit; changes may be undone by the next 'dep ensure'.


[[projects]]
  name = "github.com/FTChinese/go-rest"
  packages = [
    ".",
    "chrono",
    "enum",
    "postoffice",
    "view"
  ]
  revision = "66c9ed94599870b5ea5c6164834562df2af910f6"
  version = "v0.0.8"

[[projects]]
  name = "github.com/Pallinder/go-randomdata"
  packages = ["."]
  revision = "97a2356fcab20708fb8ae46cbbf69a5bc9feca63"
  version = "v1.1.0"

[[projects]]
  branch = "master"
  name = "github.com/corpix/uarand"
  packages = ["."]
  revision = "2b8494104d86337cdd41d0a49cbed8e4583c0ab4"

[[projects]]
  name = "github.com/go-chi/chi"
  packages = [
    ".",
    "middleware"
  ]
  revision = "e95203758b2a6ec24a8e97124d5719ffe5ec1374"
  version = "v4.0.0"

[[projects]]
  name = "github.com/go-mail/mail"
  packages = ["."]
  revision = "f59b9b83a4e522098e3d3eb94e6f81850ad6e973"
  version = "v2.3.1"

[[projects]]
  name = "github.com/go-sql-driver/mysql"
  packages = ["."]
  revision = "72cd26f257d44c1114970e19afddcd812016007e"
  version = "v1.4.1"

[[projects]]
  name = "github.com/guregu/null"
  packages = ["."]
  revision = "80515d440932108546bcade467bb7d6968e812e2"
  version = "v3.4.0"

[[projects]]
  branch = "master"
  name = "github.com/icrowley/fake"
  packages = ["."]
  revision = "4178557ae428460c3780a381c824a1f3aceb6325"

[[projects]]
  name = "github.com/joho/godotenv"
  packages = ["."]
  revision = "23d116af351c84513e1946b527c88823e476be13"
  version = "v1.3.0"

[[projects]]
  name = "github.com/konsorten/go-windows-terminal-sequences"
  packages = ["."]
  revision = "5c8c8bd35d3832f5d134ae1e1e375b69a4d25242"
  version = "v1.0.1"

[[projects]]
  name = "github.com/moul/http2curl"
  packages = ["."]
  revision = "9ac6cf4d929b2fa8fd2d2e6dec5bb0feb4f4911d"
  version = "v1.0.0"

[[projects]]
  name = "github.com/objcoding/wxpay"
  packages = ["."]
  revision = "0dc738969b7c753e11b5dc62cf3e4083c95d80ca"
  version = "v1.0.5"

[[projects]]
  name = "github.com/parnurzeal/gorequest"
  packages = ["."]
  revision = "cd34fd7e00b115d19135028caa03bc00f5b4b561"
  version = "v0.2.12"

[[projects]]
  name = "github.com/patrickmn/go-cache"
  packages = ["."]
  revision = "a3647f8e31d79543b2d0f0ae2fe5c379d72cedc0"
  version = "v2.1.0"

[[projects]]
  branch = "master"
  name = "github.com/satori/go.uuid"
  packages = ["."]
  revision = "b2ce2384e17bbe0c6d34077efa39dbab3e09123b"

[[projects]]
  name = "github.com/sirupsen/logrus"
  packages = ["."]
  revision = "e1e72e9de974bd926e5c56f83753fba2df402ce5"
  version = "v1.3.0"

[[projects]]
  branch = "master"
  name = "github.com/smartwalle/alipay"
  packages = [
    ".",
    "encoding"
  ]
  revision = "00f6f4d1d587d2faec29c0a0b175bc905b838fc2"

[[projects]]
  name = "github.com/tidwall/gjson"
  packages = ["."]
  revision = "1e3f6aeaa5bad08d777ea7807b279a07885dd8b2"
  version = "v1.1.3"

[[projects]]
  name = "github.com/tidwall/match"
  packages = ["."]
  revision = "33827db735fff6510490d69a8622612558a557ed"
  version = "v1.0.1"

[[projects]]
  branch = "master"
  name = "github.com/tomasen/realip"
  packages = ["."]
  revision = "f0c99a92ddcedd3964a269d23c8e89d9a9229be6"

[[projects]]
  branch = "master"
  name = "golang.org/x/crypto"
  packages = [
    "pkcs12",
    "pkcs12/internal/rc2",
    "ssh/terminal"
  ]
  revision = "0c41d7ab0a0ee717d4590a44bcb987dfd9e183eb"

[[projects]]
  branch = "release-branch.go1.6"
  name = "golang.org/x/net"
  packages = [
    "idna",
    "publicsuffix"
  ]
  revision = "62685c2d7ca23c807425dca88b11a3e2323dab41"

[[projects]]
  branch = "master"
  name = "golang.org/x/sys"
  packages = [
    "unix",
    "windows"
  ]
  revision = "fa43e7bc11baaae89f3f902b2b4d832b68234844"

[[projects]]
  name = "google.golang.org/appengine"
  packages = ["cloudsql"]
  revision = "ae0ab99deb4dc413a2b4bd6c8bdd0eb67f1e4d06"
  version = "v1.2.0"

[[projects]]
  branch = "v3"
  name = "gopkg.in/alexcesaro/quotedprintable.v3"
  packages = ["."]
  revision = "2caba252f4dc53eaf6b553000885530023f54623"

[solve-meta]
  analyzer-name = "dep"
  analyzer-version = 1
  inputs-digest = "3727df4e58a1dfcf09a7b4b6a82221f71b12bd659b56e74d57a0c15db7c2fdcb"
  solver-name = "gps-cdcl"
  solver-version = 1
